
Microsoft Visual Studio Solution File, Format Version 12.00
# Visual Studio Version 17
VisualStudioVersion = 17.1.32421.90
MinimumVisualStudioVersion = 10.0.40219.1
Project("{FAE04EC0-301F-11D3-BF4B-00C04F79EFBC}") = "Zt", "Zt\Zt.csproj", "{C9933330-897D-44E3-8F2B-E03B2EC3CC9A}"
EndProject
Project("{FAE04EC0-301F-11D3-BF4B-00C04F79EFBC}") = "ZtBlank", "ZtBlank\ZtBlank.csproj", "{84735D1E-A62D-4865-BB37-DCE2640CF24C}"
EndProject
Project("{FAE04EC0-301F-11D3-BF4B-00C04F79EFBC}") = "ZtCreator", "ZtCreator\ZtCreator.csproj", "{A80FA1B3-81DA-4E31-AB6A-1165A286081B}"
EndProject
Project("{FAE04EC0-301F-11D3-BF4B-00C04F79EFBC}") = "ZtPatcher", "ZtPatcher\ZtPatcher.csproj", "{241353D1-13CF-4BAD-B66B-1ABCCC8FE0A4}"
EndProject
Global
	GlobalSection(SolutionConfigurationPlatforms) = preSolution
		Debug|Any CPU = Debug|Any CPU
		Release|Any CPU = Release|Any CPU
	EndGlobalSection
	GlobalSection(ProjectConfigurationPlatforms) = postSolution
		{C9933330-897D-44E3-8F2B-E03B2EC3CC9A}.Debug|Any CPU.ActiveCfg = Debug|Any CPU
		{C9933330-897D-44E3-8F2B-E03B2EC3CC9A}.Debug|Any CPU.Build.0 = Debug|Any CPU
		{C9933330-897D-44E3-8F2B-E03B2EC3CC9A}.Release|Any CPU.ActiveCfg = Release|Any CPU
		{C9933330-897D-44E3-8F2B-E03B2EC3CC9A}.Release|Any CPU.Build.0 = Release|Any CPU
		{84735D1E-A62D-4865-BB37-DCE2640CF24C}.Debug|Any CPU.ActiveCfg = Debug|Any CPU
		{84735D1E-A62D-4865-BB37-DCE2640CF24C}.Debug|Any CPU.Build.0 = Debug|Any CPU
		{84735D1E-A62D-4865-BB37-DCE2640CF24C}.Release|Any CPU.ActiveCfg = Release|Any CPU
		{84735D1E-A62D-4865-BB37-DCE2640CF24C}.Release|Any CPU.Build.0 = Release|Any CPU
		{A80FA1B3-81DA-4E31-AB6A-1165A286081B}.Debug|Any CPU.ActiveCfg = Debug|Any CPU
		{A80FA1B3-81DA-4E31-AB6A-1165A286081B}.Debug|Any CPU.Build.0 = Debug|Any CPU
		{A80FA1B3-81DA-4E31-AB6A-1165A286081B}.Release|Any CPU.ActiveCfg = Release|Any CPU
		{A80FA1B3-81DA-4E31-AB6A-1165A286081B}.Release|Any CPU.Build.0 = Release|Any CPU
		{241353D1-13CF-4BAD-B66B-1ABCCC8FE0A4}.Debug|Any CPU.ActiveCfg = Debug|Any CPU
		{241353D1-13CF-4BAD-B66B-1ABCCC8FE0A4}.Debug|Any CPU.Build.0 = Debug|Any CPU
		{241353D1-13CF-4BAD-B66B-1ABCCC8FE0A4}.Release|Any CPU.ActiveCfg = Release|Any CPU
		{241353D1-13CF-4BAD-B66B-1ABCCC8FE0A4}.Release|Any CPU.Build.0 = Release|Any CPU
	EndGlobalSection
	GlobalSection(SolutionProperties) = preSolution
		HideSolutionNode = FALSE
	EndGlobalSection
	GlobalSection(ExtensibilityGlobals) = postSolution
		SolutionGuid = {050E8ABC-C302-43A5-9EA3-7A9F2A1D21B3}
	EndGlobalSection
EndGlobal
