
Microsoft Visual Studio Solution File, Format Version 12.00
# Visual Studio 2013
VisualStudioVersion = 12.0.40629.0
MinimumVisualStudioVersion = 10.0.40219.1
Project("{FAE04EC0-301F-11D3-BF4B-00C04F79EFBC}") = "Zt", "Zt\Zt.csproj", "{AB803481-EED5-4ECD-B995-30B58359E5C7}"
EndProject
Project("{FAE04EC0-301F-11D3-BF4B-00C04F79EFBC}") = "ZtCreator", "ZtCreator\ZtCreator.csproj", "{298AFE8C-A2D6-419D-8B07-179AF9FD87B3}"
EndProject
Project("{FAE04EC0-301F-11D3-BF4B-00C04F79EFBC}") = "ZtPatcher", "ZtPatcher\ZtPatcher.csproj", "{49D76650-CFD4-4297-B70E-232AFF6BD550}"
EndProject
Global
	GlobalSection(SolutionConfigurationPlatforms) = preSolution
		Debug|Any CPU = Debug|Any CPU
		Release|Any CPU = Release|Any CPU
	EndGlobalSection
	GlobalSection(ProjectConfigurationPlatforms) = postSolution
		{AB803481-EED5-4ECD-B995-30B58359E5C7}.Debug|Any CPU.ActiveCfg = Debug|Any CPU
		{AB803481-EED5-4ECD-B995-30B58359E5C7}.Debug|Any CPU.Build.0 = Debug|Any CPU
		{AB803481-EED5-4ECD-B995-30B58359E5C7}.Release|Any CPU.ActiveCfg = Release|Any CPU
		{AB803481-EED5-4ECD-B995-30B58359E5C7}.Release|Any CPU.Build.0 = Release|Any CPU
		{298AFE8C-A2D6-419D-8B07-179AF9FD87B3}.Debug|Any CPU.ActiveCfg = Debug|Any CPU
		{298AFE8C-A2D6-419D-8B07-179AF9FD87B3}.Debug|Any CPU.Build.0 = Debug|Any CPU
		{298AFE8C-A2D6-419D-8B07-179AF9FD87B3}.Release|Any CPU.ActiveCfg = Release|Any CPU
		{298AFE8C-A2D6-419D-8B07-179AF9FD87B3}.Release|Any CPU.Build.0 = Release|Any CPU
		{49D76650-CFD4-4297-B70E-232AFF6BD550}.Debug|Any CPU.ActiveCfg = Debug|Any CPU
		{49D76650-CFD4-4297-B70E-232AFF6BD550}.Debug|Any CPU.Build.0 = Debug|Any CPU
		{49D76650-CFD4-4297-B70E-232AFF6BD550}.Release|Any CPU.ActiveCfg = Release|Any CPU
		{49D76650-CFD4-4297-B70E-232AFF6BD550}.Release|Any CPU.Build.0 = Release|Any CPU
	EndGlobalSection
	GlobalSection(SolutionProperties) = preSolution
		HideSolutionNode = FALSE
	EndGlobalSection
EndGlobal
